
Microsoft Visual Studio Solution File, Format Version 12.00
# Visual Studio Version 17
VisualStudioVersion = 17.2.32630.192
MinimumVisualStudioVersion = 10.0.40219.1
Project("{FAE04EC0-301F-11D3-BF4B-00C04F79EFBC}") = "Lesson6", "Lesson6\Lesson6.csproj", "{11170E61-6A77-4999-9913-497542867F8A}"
EndProject
Global
	GlobalSection(SolutionConfigurationPlatforms) = preSolution
		Debug|Any CPU = Debug|Any CPU
		Release|Any CPU = Release|Any CPU
	EndGlobalSection
	GlobalSection(ProjectConfigurationPlatforms) = postSolution
		{11170E61-6A77-4999-9913-497542867F8A}.Debug|Any CPU.ActiveCfg = Debug|Any CPU
		{11170E61-6A77-4999-9913-497542867F8A}.Debug|Any CPU.Build.0 = Debug|Any CPU
		{11170E61-6A77-4999-9913-497542867F8A}.Release|Any CPU.ActiveCfg = Release|Any CPU
		{11170E61-6A77-4999-9913-497542867F8A}.Release|Any CPU.Build.0 = Release|Any CPU
	EndGlobalSection
	GlobalSection(SolutionProperties) = preSolution
		HideSolutionNode = FALSE
	EndGlobalSection
	GlobalSection(ExtensibilityGlobals) = postSolution
		SolutionGuid = {4F1026CB-7DC9-4908-9E2F-81ADDF0C6624}
	EndGlobalSection
EndGlobal
